
Microsoft Visual Studio Solution File, Format Version 12.00
# Visual Studio Version 16
VisualStudioVersion = 16.0.28803.156
MinimumVisualStudioVersion = 10.0.40219.1
Project("{FAE04EC0-301F-11D3-BF4B-00C04F79EFBC}") = "SimpleAggregate", "SimpleAggregate\SimpleAggregate.csproj", "{61E97974-2C94-40B5-8E12-33DE27EED714}"
EndProject
Project("{2150E333-8FDC-42A3-9474-1A3956D46DE8}") = "Tests", "Tests", "{F7482028-5D86-4C62-A5CC-B64EC643FE84}"
EndProject
Project("{FAE04EC0-301F-11D3-BF4B-00C04F79EFBC}") = "SimpleAggregate.UnitTests", "Tests\SimpleAggregate.UnitTests\SimpleAggregate.UnitTests.csproj", "{2F33FACA-D8A1-464B-9444-0FEEBB5BD9C1}"
EndProject
Global
	GlobalSection(SolutionConfigurationPlatforms) = preSolution
		Debug|Any CPU = Debug|Any CPU
		Release|Any CPU = Release|Any CPU
	EndGlobalSection
	GlobalSection(ProjectConfigurationPlatforms) = postSolution
		{61E97974-2C94-40B5-8E12-33DE27EED714}.Debug|Any CPU.ActiveCfg = Debug|Any CPU
		{61E97974-2C94-40B5-8E12-33DE27EED714}.Debug|Any CPU.Build.0 = Debug|Any CPU
		{61E97974-2C94-40B5-8E12-33DE27EED714}.Release|Any CPU.ActiveCfg = Release|Any CPU
		{61E97974-2C94-40B5-8E12-33DE27EED714}.Release|Any CPU.Build.0 = Release|Any CPU
		{2F33FACA-D8A1-464B-9444-0FEEBB5BD9C1}.Debug|Any CPU.ActiveCfg = Debug|Any CPU
		{2F33FACA-D8A1-464B-9444-0FEEBB5BD9C1}.Debug|Any CPU.Build.0 = Debug|Any CPU
		{2F33FACA-D8A1-464B-9444-0FEEBB5BD9C1}.Release|Any CPU.ActiveCfg = Release|Any CPU
		{2F33FACA-D8A1-464B-9444-0FEEBB5BD9C1}.Release|Any CPU.Build.0 = Release|Any CPU
	EndGlobalSection
	GlobalSection(SolutionProperties) = preSolution
		HideSolutionNode = FALSE
	EndGlobalSection
	GlobalSection(NestedProjects) = preSolution
		{2F33FACA-D8A1-464B-9444-0FEEBB5BD9C1} = {F7482028-5D86-4C62-A5CC-B64EC643FE84}
	EndGlobalSection
	GlobalSection(ExtensibilityGlobals) = postSolution
		SolutionGuid = {FE16B1F2-57EB-4D3C-874C-72155C5A862C}
	EndGlobalSection
EndGlobal
